
Microsoft Visual Studio Solution File, Format Version 11.00
# Visual Studio 2010
Project("{FAE04EC0-301F-11D3-BF4B-00C04F79EFBC}") = "Assembly-CSharp", "Assembly-CSharp.csproj", "{70FDC7B6-07EF-B6E0-1EB8-70E5594DE670}"
EndProject
Project("{FAE04EC0-301F-11D3-BF4B-00C04F79EFBC}") = "Assembly-CSharp-Editor", "Assembly-CSharp-Editor.csproj", "{26239ED7-8901-FE9D-364A-FFA9C6DB97B5}"
EndProject
Global
	GlobalSection(SolutionConfigurationPlatforms) = preSolution
		Debug|Any CPU = Debug|Any CPU
		Release|Any CPU = Release|Any CPU
	EndGlobalSection
	GlobalSection(ProjectConfigurationPlatforms) = postSolution
		{70FDC7B6-07EF-B6E0-1EB8-70E5594DE670}.Debug|Any CPU.ActiveCfg = Debug|Any CPU
		{70FDC7B6-07EF-B6E0-1EB8-70E5594DE670}.Debug|Any CPU.Build.0 = Debug|Any CPU
		{70FDC7B6-07EF-B6E0-1EB8-70E5594DE670}.Release|Any CPU.ActiveCfg = Release|Any CPU
		{70FDC7B6-07EF-B6E0-1EB8-70E5594DE670}.Release|Any CPU.Build.0 = Release|Any CPU
		{26239ED7-8901-FE9D-364A-FFA9C6DB97B5}.Debug|Any CPU.ActiveCfg = Debug|Any CPU
		{26239ED7-8901-FE9D-364A-FFA9C6DB97B5}.Debug|Any CPU.Build.0 = Debug|Any CPU
		{26239ED7-8901-FE9D-364A-FFA9C6DB97B5}.Release|Any CPU.ActiveCfg = Release|Any CPU
		{26239ED7-8901-FE9D-364A-FFA9C6DB97B5}.Release|Any CPU.Build.0 = Release|Any CPU
	EndGlobalSection
	GlobalSection(SolutionProperties) = preSolution
		HideSolutionNode = FALSE
	EndGlobalSection
	GlobalSection(MonoDevelopProperties) = preSolution
		StartupItem = Assembly-CSharp.csproj
	EndGlobalSection
EndGlobal
